
Microsoft Visual Studio Solution File, Format Version 12.00
# Visual Studio 15
VisualStudioVersion = 15.0.26124.0
MinimumVisualStudioVersion = 15.0.26124.0
Project("{2150E333-8FDC-42A3-9474-1A3956D46DE8}") = "Code", "Code", "{7D1192E9-4821-4C24-8C20-CABC4B56AE1A}"
EndProject
Project("{FAE04EC0-301F-11D3-BF4B-00C04F79EFBC}") = "finalcomp.Api", "Code\finalcomp.Api\finalcomp.Api.csproj", "{37765E5B-2D33-455D-9010-E0912BED19C0}"
EndProject
Project("{FAE04EC0-301F-11D3-BF4B-00C04F79EFBC}") = "finalcomp.BusinessEntities", "Code\finalcomp.BusinessEntities\finalcomp.BusinessEntities.csproj", "{FF87DC99-AB90-4521-B434-55E64BD38D6D}"
EndProject
Project("{FAE04EC0-301F-11D3-BF4B-00C04F79EFBC}") = "finalcomp.BusinessServices", "Code\finalcomp.BusinessServices\finalcomp.BusinessServices.csproj", "{72F82A50-4002-40DD-A528-3ABA2B229AC4}"
EndProject
Project("{FAE04EC0-301F-11D3-BF4B-00C04F79EFBC}") = "finalcomp.Contracts", "Code\finalcomp.Contracts\finalcomp.Contracts.csproj", "{7EE8852F-A294-4B4E-A22D-91CF367C28F5}"
EndProject
Project("{FAE04EC0-301F-11D3-BF4B-00C04F79EFBC}") = "finalcomp.Data", "Code\finalcomp.Data\finalcomp.Data.csproj", "{CA97D4A7-3137-49DA-BC9F-6888B95B0AE5}"
EndProject
Project("{FAE04EC0-301F-11D3-BF4B-00C04F79EFBC}") = "finalcomp.Test.Api", "Code\finalcomp.Test.Api\finalcomp.Test.Api.csproj", "{3F26A559-B210-497E-9DF2-D452CBDDA640}"
EndProject
Project("{FAE04EC0-301F-11D3-BF4B-00C04F79EFBC}") = "finalcomp.Test.Business", "Code\finalcomp.Test.Business\finalcomp.Test.Business.csproj", "{33A6D760-7FA8-434E-9E14-7F46586E6492}"
EndProject
Project("{FAE04EC0-301F-11D3-BF4B-00C04F79EFBC}") = "finalcomp.Test.Framework", "Code\finalcomp.Test.Framework\finalcomp.Test.Framework.csproj", "{E86122C7-F668-42CF-9151-00D6CC57720D}"
EndProject
Project("{2150E333-8FDC-42A3-9474-1A3956D46DE8}") = "Test", "Test", "{56D74CFA-5EDD-4801-93A9-BF35D3A73E27}"
EndProject
Global
	GlobalSection(SolutionConfigurationPlatforms) = preSolution
		Debug|Any CPU = Debug|Any CPU
		Debug|x64 = Debug|x64
		Debug|x86 = Debug|x86
		Release|Any CPU = Release|Any CPU
		Release|x64 = Release|x64
		Release|x86 = Release|x86
	EndGlobalSection
	GlobalSection(SolutionProperties) = preSolution
		HideSolutionNode = FALSE
	EndGlobalSection
	GlobalSection(ProjectConfigurationPlatforms) = postSolution
		{37765E5B-2D33-455D-9010-E0912BED19C0}.Debug|Any CPU.ActiveCfg = Debug|Any CPU
		{37765E5B-2D33-455D-9010-E0912BED19C0}.Debug|Any CPU.Build.0 = Debug|Any CPU
		{37765E5B-2D33-455D-9010-E0912BED19C0}.Debug|x64.ActiveCfg = Debug|Any CPU
		{37765E5B-2D33-455D-9010-E0912BED19C0}.Debug|x64.Build.0 = Debug|Any CPU
		{37765E5B-2D33-455D-9010-E0912BED19C0}.Debug|x86.ActiveCfg = Debug|Any CPU
		{37765E5B-2D33-455D-9010-E0912BED19C0}.Debug|x86.Build.0 = Debug|Any CPU
		{37765E5B-2D33-455D-9010-E0912BED19C0}.Release|Any CPU.ActiveCfg = Release|Any CPU
		{37765E5B-2D33-455D-9010-E0912BED19C0}.Release|Any CPU.Build.0 = Release|Any CPU
		{37765E5B-2D33-455D-9010-E0912BED19C0}.Release|x64.ActiveCfg = Release|Any CPU
		{37765E5B-2D33-455D-9010-E0912BED19C0}.Release|x64.Build.0 = Release|Any CPU
		{37765E5B-2D33-455D-9010-E0912BED19C0}.Release|x86.ActiveCfg = Release|Any CPU
		{37765E5B-2D33-455D-9010-E0912BED19C0}.Release|x86.Build.0 = Release|Any CPU
		{FF87DC99-AB90-4521-B434-55E64BD38D6D}.Debug|Any CPU.ActiveCfg = Debug|Any CPU
		{FF87DC99-AB90-4521-B434-55E64BD38D6D}.Debug|Any CPU.Build.0 = Debug|Any CPU
		{FF87DC99-AB90-4521-B434-55E64BD38D6D}.Debug|x64.ActiveCfg = Debug|Any CPU
		{FF87DC99-AB90-4521-B434-55E64BD38D6D}.Debug|x64.Build.0 = Debug|Any CPU
		{FF87DC99-AB90-4521-B434-55E64BD38D6D}.Debug|x86.ActiveCfg = Debug|Any CPU
		{FF87DC99-AB90-4521-B434-55E64BD38D6D}.Debug|x86.Build.0 = Debug|Any CPU
		{FF87DC99-AB90-4521-B434-55E64BD38D6D}.Release|Any CPU.ActiveCfg = Release|Any CPU
		{FF87DC99-AB90-4521-B434-55E64BD38D6D}.Release|Any CPU.Build.0 = Release|Any CPU
		{FF87DC99-AB90-4521-B434-55E64BD38D6D}.Release|x64.ActiveCfg = Release|Any CPU
		{FF87DC99-AB90-4521-B434-55E64BD38D6D}.Release|x64.Build.0 = Release|Any CPU
		{FF87DC99-AB90-4521-B434-55E64BD38D6D}.Release|x86.ActiveCfg = Release|Any CPU
		{FF87DC99-AB90-4521-B434-55E64BD38D6D}.Release|x86.Build.0 = Release|Any CPU
		{72F82A50-4002-40DD-A528-3ABA2B229AC4}.Debug|Any CPU.ActiveCfg = Debug|Any CPU
		{72F82A50-4002-40DD-A528-3ABA2B229AC4}.Debug|Any CPU.Build.0 = Debug|Any CPU
		{72F82A50-4002-40DD-A528-3ABA2B229AC4}.Debug|x64.ActiveCfg = Debug|Any CPU
		{72F82A50-4002-40DD-A528-3ABA2B229AC4}.Debug|x64.Build.0 = Debug|Any CPU
		{72F82A50-4002-40DD-A528-3ABA2B229AC4}.Debug|x86.ActiveCfg = Debug|Any CPU
		{72F82A50-4002-40DD-A528-3ABA2B229AC4}.Debug|x86.Build.0 = Debug|Any CPU
		{72F82A50-4002-40DD-A528-3ABA2B229AC4}.Release|Any CPU.ActiveCfg = Release|Any CPU
		{72F82A50-4002-40DD-A528-3ABA2B229AC4}.Release|Any CPU.Build.0 = Release|Any CPU
		{72F82A50-4002-40DD-A528-3ABA2B229AC4}.Release|x64.ActiveCfg = Release|Any CPU
		{72F82A50-4002-40DD-A528-3ABA2B229AC4}.Release|x64.Build.0 = Release|Any CPU
		{72F82A50-4002-40DD-A528-3ABA2B229AC4}.Release|x86.ActiveCfg = Release|Any CPU
		{72F82A50-4002-40DD-A528-3ABA2B229AC4}.Release|x86.Build.0 = Release|Any CPU
		{7EE8852F-A294-4B4E-A22D-91CF367C28F5}.Debug|Any CPU.ActiveCfg = Debug|Any CPU
		{7EE8852F-A294-4B4E-A22D-91CF367C28F5}.Debug|Any CPU.Build.0 = Debug|Any CPU
		{7EE8852F-A294-4B4E-A22D-91CF367C28F5}.Debug|x64.ActiveCfg = Debug|Any CPU
		{7EE8852F-A294-4B4E-A22D-91CF367C28F5}.Debug|x64.Build.0 = Debug|Any CPU
		{7EE8852F-A294-4B4E-A22D-91CF367C28F5}.Debug|x86.ActiveCfg = Debug|Any CPU
		{7EE8852F-A294-4B4E-A22D-91CF367C28F5}.Debug|x86.Build.0 = Debug|Any CPU
		{7EE8852F-A294-4B4E-A22D-91CF367C28F5}.Release|Any CPU.ActiveCfg = Release|Any CPU
		{7EE8852F-A294-4B4E-A22D-91CF367C28F5}.Release|Any CPU.Build.0 = Release|Any CPU
		{7EE8852F-A294-4B4E-A22D-91CF367C28F5}.Release|x64.ActiveCfg = Release|Any CPU
		{7EE8852F-A294-4B4E-A22D-91CF367C28F5}.Release|x64.Build.0 = Release|Any CPU
		{7EE8852F-A294-4B4E-A22D-91CF367C28F5}.Release|x86.ActiveCfg = Release|Any CPU
		{7EE8852F-A294-4B4E-A22D-91CF367C28F5}.Release|x86.Build.0 = Release|Any CPU
		{CA97D4A7-3137-49DA-BC9F-6888B95B0AE5}.Debug|Any CPU.ActiveCfg = Debug|Any CPU
		{CA97D4A7-3137-49DA-BC9F-6888B95B0AE5}.Debug|Any CPU.Build.0 = Debug|Any CPU
		{CA97D4A7-3137-49DA-BC9F-6888B95B0AE5}.Debug|x64.ActiveCfg = Debug|Any CPU
		{CA97D4A7-3137-49DA-BC9F-6888B95B0AE5}.Debug|x64.Build.0 = Debug|Any CPU
		{CA97D4A7-3137-49DA-BC9F-6888B95B0AE5}.Debug|x86.ActiveCfg = Debug|Any CPU
		{CA97D4A7-3137-49DA-BC9F-6888B95B0AE5}.Debug|x86.Build.0 = Debug|Any CPU
		{CA97D4A7-3137-49DA-BC9F-6888B95B0AE5}.Release|Any CPU.ActiveCfg = Release|Any CPU
		{CA97D4A7-3137-49DA-BC9F-6888B95B0AE5}.Release|Any CPU.Build.0 = Release|Any CPU
		{CA97D4A7-3137-49DA-BC9F-6888B95B0AE5}.Release|x64.ActiveCfg = Release|Any CPU
		{CA97D4A7-3137-49DA-BC9F-6888B95B0AE5}.Release|x64.Build.0 = Release|Any CPU
		{CA97D4A7-3137-49DA-BC9F-6888B95B0AE5}.Release|x86.ActiveCfg = Release|Any CPU
		{CA97D4A7-3137-49DA-BC9F-6888B95B0AE5}.Release|x86.Build.0 = Release|Any CPU
		{3F26A559-B210-497E-9DF2-D452CBDDA640}.Debug|Any CPU.ActiveCfg = Debug|Any CPU
		{3F26A559-B210-497E-9DF2-D452CBDDA640}.Debug|Any CPU.Build.0 = Debug|Any CPU
		{3F26A559-B210-497E-9DF2-D452CBDDA640}.Debug|x64.ActiveCfg = Debug|Any CPU
		{3F26A559-B210-497E-9DF2-D452CBDDA640}.Debug|x64.Build.0 = Debug|Any CPU
		{3F26A559-B210-497E-9DF2-D452CBDDA640}.Debug|x86.ActiveCfg = Debug|Any CPU
		{3F26A559-B210-497E-9DF2-D452CBDDA640}.Debug|x86.Build.0 = Debug|Any CPU
		{3F26A559-B210-497E-9DF2-D452CBDDA640}.Release|Any CPU.ActiveCfg = Release|Any CPU
		{3F26A559-B210-497E-9DF2-D452CBDDA640}.Release|Any CPU.Build.0 = Release|Any CPU
		{3F26A559-B210-497E-9DF2-D452CBDDA640}.Release|x64.ActiveCfg = Release|Any CPU
		{3F26A559-B210-497E-9DF2-D452CBDDA640}.Release|x64.Build.0 = Release|Any CPU
		{3F26A559-B210-497E-9DF2-D452CBDDA640}.Release|x86.ActiveCfg = Release|Any CPU
		{3F26A559-B210-497E-9DF2-D452CBDDA640}.Release|x86.Build.0 = Release|Any CPU
		{33A6D760-7FA8-434E-9E14-7F46586E6492}.Debug|Any CPU.ActiveCfg = Debug|Any CPU
		{33A6D760-7FA8-434E-9E14-7F46586E6492}.Debug|Any CPU.Build.0 = Debug|Any CPU
		{33A6D760-7FA8-434E-9E14-7F46586E6492}.Debug|x64.ActiveCfg = Debug|Any CPU
		{33A6D760-7FA8-434E-9E14-7F46586E6492}.Debug|x64.Build.0 = Debug|Any CPU
		{33A6D760-7FA8-434E-9E14-7F46586E6492}.Debug|x86.ActiveCfg = Debug|Any CPU
		{33A6D760-7FA8-434E-9E14-7F46586E6492}.Debug|x86.Build.0 = Debug|Any CPU
		{33A6D760-7FA8-434E-9E14-7F46586E6492}.Release|Any CPU.ActiveCfg = Release|Any CPU
		{33A6D760-7FA8-434E-9E14-7F46586E6492}.Release|Any CPU.Build.0 = Release|Any CPU
		{33A6D760-7FA8-434E-9E14-7F46586E6492}.Release|x64.ActiveCfg = Release|Any CPU
		{33A6D760-7FA8-434E-9E14-7F46586E6492}.Release|x64.Build.0 = Release|Any CPU
		{33A6D760-7FA8-434E-9E14-7F46586E6492}.Release|x86.ActiveCfg = Release|Any CPU
		{33A6D760-7FA8-434E-9E14-7F46586E6492}.Release|x86.Build.0 = Release|Any CPU
		{E86122C7-F668-42CF-9151-00D6CC57720D}.Debug|Any CPU.ActiveCfg = Debug|Any CPU
		{E86122C7-F668-42CF-9151-00D6CC57720D}.Debug|Any CPU.Build.0 = Debug|Any CPU
		{E86122C7-F668-42CF-9151-00D6CC57720D}.Debug|x64.ActiveCfg = Debug|Any CPU
		{E86122C7-F668-42CF-9151-00D6CC57720D}.Debug|x64.Build.0 = Debug|Any CPU
		{E86122C7-F668-42CF-9151-00D6CC57720D}.Debug|x86.ActiveCfg = Debug|Any CPU
		{E86122C7-F668-42CF-9151-00D6CC57720D}.Debug|x86.Build.0 = Debug|Any CPU
		{E86122C7-F668-42CF-9151-00D6CC57720D}.Release|Any CPU.ActiveCfg = Release|Any CPU
		{E86122C7-F668-42CF-9151-00D6CC57720D}.Release|Any CPU.Build.0 = Release|Any CPU
		{E86122C7-F668-42CF-9151-00D6CC57720D}.Release|x64.ActiveCfg = Release|Any CPU
		{E86122C7-F668-42CF-9151-00D6CC57720D}.Release|x64.Build.0 = Release|Any CPU
		{E86122C7-F668-42CF-9151-00D6CC57720D}.Release|x86.ActiveCfg = Release|Any CPU
		{E86122C7-F668-42CF-9151-00D6CC57720D}.Release|x86.Build.0 = Release|Any CPU
	EndGlobalSection
	GlobalSection(NestedProjects) = preSolution
		{37765E5B-2D33-455D-9010-E0912BED19C0} = {7D1192E9-4821-4C24-8C20-CABC4B56AE1A}
		{FF87DC99-AB90-4521-B434-55E64BD38D6D} = {7D1192E9-4821-4C24-8C20-CABC4B56AE1A}
		{72F82A50-4002-40DD-A528-3ABA2B229AC4} = {7D1192E9-4821-4C24-8C20-CABC4B56AE1A}
		{7EE8852F-A294-4B4E-A22D-91CF367C28F5} = {7D1192E9-4821-4C24-8C20-CABC4B56AE1A}
		{CA97D4A7-3137-49DA-BC9F-6888B95B0AE5} = {7D1192E9-4821-4C24-8C20-CABC4B56AE1A}
		{3F26A559-B210-497E-9DF2-D452CBDDA640} = {56D74CFA-5EDD-4801-93A9-BF35D3A73E27}
		{33A6D760-7FA8-434E-9E14-7F46586E6492} = {56D74CFA-5EDD-4801-93A9-BF35D3A73E27}
		{E86122C7-F668-42CF-9151-00D6CC57720D} = {56D74CFA-5EDD-4801-93A9-BF35D3A73E27}
	EndGlobalSection
EndGlobal
