
Microsoft Visual Studio Solution File, Format Version 12.00
# Visual Studio 15
VisualStudioVersion = 15.0.26124.0
MinimumVisualStudioVersion = 15.0.26124.0
Project("{2150E333-8FDC-42A3-9474-1A3956D46DE8}") = "Code", "Code", "{B7EAEF5C-F245-48BA-93AA-184F37D90182}"
EndProject
Project("{FAE04EC0-301F-11D3-BF4B-00C04F79EFBC}") = "DotnetSixApp.Api", "Code\DotnetSixApp.Api\DotnetSixApp.Api.csproj", "{722A67E6-4C45-4E81-9738-4B4BAB34B552}"
EndProject
Project("{FAE04EC0-301F-11D3-BF4B-00C04F79EFBC}") = "DotnetSixApp.BusinessEntities", "Code\DotnetSixApp.BusinessEntities\DotnetSixApp.BusinessEntities.csproj", "{421B67FB-224C-40A7-9E2A-F4A6164FB65A}"
EndProject
Project("{FAE04EC0-301F-11D3-BF4B-00C04F79EFBC}") = "DotnetSixApp.BusinessServices", "Code\DotnetSixApp.BusinessServices\DotnetSixApp.BusinessServices.csproj", "{2DF2D63F-2BD2-45A0-9211-B8F6F0245247}"
EndProject
Project("{FAE04EC0-301F-11D3-BF4B-00C04F79EFBC}") = "DotnetSixApp.Contracts", "Code\DotnetSixApp.Contracts\DotnetSixApp.Contracts.csproj", "{AD72EF08-66E1-4FD8-9285-AAAEEA2F22B1}"
EndProject
Project("{FAE04EC0-301F-11D3-BF4B-00C04F79EFBC}") = "DotnetSixApp.Data", "Code\DotnetSixApp.Data\DotnetSixApp.Data.csproj", "{4CC8B30C-F496-43D2-B561-53A09AA40960}"
EndProject
Project("{FAE04EC0-301F-11D3-BF4B-00C04F79EFBC}") = "DotnetSixApp.Test.Api", "Code\DotnetSixApp.Test.Api\DotnetSixApp.Test.Api.csproj", "{D856FCE3-E69D-46E7-9565-CF99C27CAA64}"
EndProject
Project("{FAE04EC0-301F-11D3-BF4B-00C04F79EFBC}") = "DotnetSixApp.Test.Business", "Code\DotnetSixApp.Test.Business\DotnetSixApp.Test.Business.csproj", "{6AB89346-A98A-4CAF-9642-208D6BD80192}"
EndProject
Project("{FAE04EC0-301F-11D3-BF4B-00C04F79EFBC}") = "DotnetSixApp.Test.Framework", "Code\DotnetSixApp.Test.Framework\DotnetSixApp.Test.Framework.csproj", "{75E1B1A8-DCFB-4AE9-98F6-C68E58C486CD}"
EndProject
Project("{2150E333-8FDC-42A3-9474-1A3956D46DE8}") = "Test", "Test", "{5F8489CB-00D9-4043-894E-76EC520C5DCD}"
EndProject
Global
	GlobalSection(SolutionConfigurationPlatforms) = preSolution
		Debug|Any CPU = Debug|Any CPU
		Debug|x64 = Debug|x64
		Debug|x86 = Debug|x86
		Release|Any CPU = Release|Any CPU
		Release|x64 = Release|x64
		Release|x86 = Release|x86
	EndGlobalSection
	GlobalSection(SolutionProperties) = preSolution
		HideSolutionNode = FALSE
	EndGlobalSection
	GlobalSection(ProjectConfigurationPlatforms) = postSolution
		{722A67E6-4C45-4E81-9738-4B4BAB34B552}.Debug|Any CPU.ActiveCfg = Debug|Any CPU
		{722A67E6-4C45-4E81-9738-4B4BAB34B552}.Debug|Any CPU.Build.0 = Debug|Any CPU
		{722A67E6-4C45-4E81-9738-4B4BAB34B552}.Debug|x64.ActiveCfg = Debug|Any CPU
		{722A67E6-4C45-4E81-9738-4B4BAB34B552}.Debug|x64.Build.0 = Debug|Any CPU
		{722A67E6-4C45-4E81-9738-4B4BAB34B552}.Debug|x86.ActiveCfg = Debug|Any CPU
		{722A67E6-4C45-4E81-9738-4B4BAB34B552}.Debug|x86.Build.0 = Debug|Any CPU
		{722A67E6-4C45-4E81-9738-4B4BAB34B552}.Release|Any CPU.ActiveCfg = Release|Any CPU
		{722A67E6-4C45-4E81-9738-4B4BAB34B552}.Release|Any CPU.Build.0 = Release|Any CPU
		{722A67E6-4C45-4E81-9738-4B4BAB34B552}.Release|x64.ActiveCfg = Release|Any CPU
		{722A67E6-4C45-4E81-9738-4B4BAB34B552}.Release|x64.Build.0 = Release|Any CPU
		{722A67E6-4C45-4E81-9738-4B4BAB34B552}.Release|x86.ActiveCfg = Release|Any CPU
		{722A67E6-4C45-4E81-9738-4B4BAB34B552}.Release|x86.Build.0 = Release|Any CPU
		{421B67FB-224C-40A7-9E2A-F4A6164FB65A}.Debug|Any CPU.ActiveCfg = Debug|Any CPU
		{421B67FB-224C-40A7-9E2A-F4A6164FB65A}.Debug|Any CPU.Build.0 = Debug|Any CPU
		{421B67FB-224C-40A7-9E2A-F4A6164FB65A}.Debug|x64.ActiveCfg = Debug|Any CPU
		{421B67FB-224C-40A7-9E2A-F4A6164FB65A}.Debug|x64.Build.0 = Debug|Any CPU
		{421B67FB-224C-40A7-9E2A-F4A6164FB65A}.Debug|x86.ActiveCfg = Debug|Any CPU
		{421B67FB-224C-40A7-9E2A-F4A6164FB65A}.Debug|x86.Build.0 = Debug|Any CPU
		{421B67FB-224C-40A7-9E2A-F4A6164FB65A}.Release|Any CPU.ActiveCfg = Release|Any CPU
		{421B67FB-224C-40A7-9E2A-F4A6164FB65A}.Release|Any CPU.Build.0 = Release|Any CPU
		{421B67FB-224C-40A7-9E2A-F4A6164FB65A}.Release|x64.ActiveCfg = Release|Any CPU
		{421B67FB-224C-40A7-9E2A-F4A6164FB65A}.Release|x64.Build.0 = Release|Any CPU
		{421B67FB-224C-40A7-9E2A-F4A6164FB65A}.Release|x86.ActiveCfg = Release|Any CPU
		{421B67FB-224C-40A7-9E2A-F4A6164FB65A}.Release|x86.Build.0 = Release|Any CPU
		{2DF2D63F-2BD2-45A0-9211-B8F6F0245247}.Debug|Any CPU.ActiveCfg = Debug|Any CPU
		{2DF2D63F-2BD2-45A0-9211-B8F6F0245247}.Debug|Any CPU.Build.0 = Debug|Any CPU
		{2DF2D63F-2BD2-45A0-9211-B8F6F0245247}.Debug|x64.ActiveCfg = Debug|Any CPU
		{2DF2D63F-2BD2-45A0-9211-B8F6F0245247}.Debug|x64.Build.0 = Debug|Any CPU
		{2DF2D63F-2BD2-45A0-9211-B8F6F0245247}.Debug|x86.ActiveCfg = Debug|Any CPU
		{2DF2D63F-2BD2-45A0-9211-B8F6F0245247}.Debug|x86.Build.0 = Debug|Any CPU
		{2DF2D63F-2BD2-45A0-9211-B8F6F0245247}.Release|Any CPU.ActiveCfg = Release|Any CPU
		{2DF2D63F-2BD2-45A0-9211-B8F6F0245247}.Release|Any CPU.Build.0 = Release|Any CPU
		{2DF2D63F-2BD2-45A0-9211-B8F6F0245247}.Release|x64.ActiveCfg = Release|Any CPU
		{2DF2D63F-2BD2-45A0-9211-B8F6F0245247}.Release|x64.Build.0 = Release|Any CPU
		{2DF2D63F-2BD2-45A0-9211-B8F6F0245247}.Release|x86.ActiveCfg = Release|Any CPU
		{2DF2D63F-2BD2-45A0-9211-B8F6F0245247}.Release|x86.Build.0 = Release|Any CPU
		{AD72EF08-66E1-4FD8-9285-AAAEEA2F22B1}.Debug|Any CPU.ActiveCfg = Debug|Any CPU
		{AD72EF08-66E1-4FD8-9285-AAAEEA2F22B1}.Debug|Any CPU.Build.0 = Debug|Any CPU
		{AD72EF08-66E1-4FD8-9285-AAAEEA2F22B1}.Debug|x64.ActiveCfg = Debug|Any CPU
		{AD72EF08-66E1-4FD8-9285-AAAEEA2F22B1}.Debug|x64.Build.0 = Debug|Any CPU
		{AD72EF08-66E1-4FD8-9285-AAAEEA2F22B1}.Debug|x86.ActiveCfg = Debug|Any CPU
		{AD72EF08-66E1-4FD8-9285-AAAEEA2F22B1}.Debug|x86.Build.0 = Debug|Any CPU
		{AD72EF08-66E1-4FD8-9285-AAAEEA2F22B1}.Release|Any CPU.ActiveCfg = Release|Any CPU
		{AD72EF08-66E1-4FD8-9285-AAAEEA2F22B1}.Release|Any CPU.Build.0 = Release|Any CPU
		{AD72EF08-66E1-4FD8-9285-AAAEEA2F22B1}.Release|x64.ActiveCfg = Release|Any CPU
		{AD72EF08-66E1-4FD8-9285-AAAEEA2F22B1}.Release|x64.Build.0 = Release|Any CPU
		{AD72EF08-66E1-4FD8-9285-AAAEEA2F22B1}.Release|x86.ActiveCfg = Release|Any CPU
		{AD72EF08-66E1-4FD8-9285-AAAEEA2F22B1}.Release|x86.Build.0 = Release|Any CPU
		{4CC8B30C-F496-43D2-B561-53A09AA40960}.Debug|Any CPU.ActiveCfg = Debug|Any CPU
		{4CC8B30C-F496-43D2-B561-53A09AA40960}.Debug|Any CPU.Build.0 = Debug|Any CPU
		{4CC8B30C-F496-43D2-B561-53A09AA40960}.Debug|x64.ActiveCfg = Debug|Any CPU
		{4CC8B30C-F496-43D2-B561-53A09AA40960}.Debug|x64.Build.0 = Debug|Any CPU
		{4CC8B30C-F496-43D2-B561-53A09AA40960}.Debug|x86.ActiveCfg = Debug|Any CPU
		{4CC8B30C-F496-43D2-B561-53A09AA40960}.Debug|x86.Build.0 = Debug|Any CPU
		{4CC8B30C-F496-43D2-B561-53A09AA40960}.Release|Any CPU.ActiveCfg = Release|Any CPU
		{4CC8B30C-F496-43D2-B561-53A09AA40960}.Release|Any CPU.Build.0 = Release|Any CPU
		{4CC8B30C-F496-43D2-B561-53A09AA40960}.Release|x64.ActiveCfg = Release|Any CPU
		{4CC8B30C-F496-43D2-B561-53A09AA40960}.Release|x64.Build.0 = Release|Any CPU
		{4CC8B30C-F496-43D2-B561-53A09AA40960}.Release|x86.ActiveCfg = Release|Any CPU
		{4CC8B30C-F496-43D2-B561-53A09AA40960}.Release|x86.Build.0 = Release|Any CPU
		{D856FCE3-E69D-46E7-9565-CF99C27CAA64}.Debug|Any CPU.ActiveCfg = Debug|Any CPU
		{D856FCE3-E69D-46E7-9565-CF99C27CAA64}.Debug|Any CPU.Build.0 = Debug|Any CPU
		{D856FCE3-E69D-46E7-9565-CF99C27CAA64}.Debug|x64.ActiveCfg = Debug|Any CPU
		{D856FCE3-E69D-46E7-9565-CF99C27CAA64}.Debug|x64.Build.0 = Debug|Any CPU
		{D856FCE3-E69D-46E7-9565-CF99C27CAA64}.Debug|x86.ActiveCfg = Debug|Any CPU
		{D856FCE3-E69D-46E7-9565-CF99C27CAA64}.Debug|x86.Build.0 = Debug|Any CPU
		{D856FCE3-E69D-46E7-9565-CF99C27CAA64}.Release|Any CPU.ActiveCfg = Release|Any CPU
		{D856FCE3-E69D-46E7-9565-CF99C27CAA64}.Release|Any CPU.Build.0 = Release|Any CPU
		{D856FCE3-E69D-46E7-9565-CF99C27CAA64}.Release|x64.ActiveCfg = Release|Any CPU
		{D856FCE3-E69D-46E7-9565-CF99C27CAA64}.Release|x64.Build.0 = Release|Any CPU
		{D856FCE3-E69D-46E7-9565-CF99C27CAA64}.Release|x86.ActiveCfg = Release|Any CPU
		{D856FCE3-E69D-46E7-9565-CF99C27CAA64}.Release|x86.Build.0 = Release|Any CPU
		{6AB89346-A98A-4CAF-9642-208D6BD80192}.Debug|Any CPU.ActiveCfg = Debug|Any CPU
		{6AB89346-A98A-4CAF-9642-208D6BD80192}.Debug|Any CPU.Build.0 = Debug|Any CPU
		{6AB89346-A98A-4CAF-9642-208D6BD80192}.Debug|x64.ActiveCfg = Debug|Any CPU
		{6AB89346-A98A-4CAF-9642-208D6BD80192}.Debug|x64.Build.0 = Debug|Any CPU
		{6AB89346-A98A-4CAF-9642-208D6BD80192}.Debug|x86.ActiveCfg = Debug|Any CPU
		{6AB89346-A98A-4CAF-9642-208D6BD80192}.Debug|x86.Build.0 = Debug|Any CPU
		{6AB89346-A98A-4CAF-9642-208D6BD80192}.Release|Any CPU.ActiveCfg = Release|Any CPU
		{6AB89346-A98A-4CAF-9642-208D6BD80192}.Release|Any CPU.Build.0 = Release|Any CPU
		{6AB89346-A98A-4CAF-9642-208D6BD80192}.Release|x64.ActiveCfg = Release|Any CPU
		{6AB89346-A98A-4CAF-9642-208D6BD80192}.Release|x64.Build.0 = Release|Any CPU
		{6AB89346-A98A-4CAF-9642-208D6BD80192}.Release|x86.ActiveCfg = Release|Any CPU
		{6AB89346-A98A-4CAF-9642-208D6BD80192}.Release|x86.Build.0 = Release|Any CPU
		{75E1B1A8-DCFB-4AE9-98F6-C68E58C486CD}.Debug|Any CPU.ActiveCfg = Debug|Any CPU
		{75E1B1A8-DCFB-4AE9-98F6-C68E58C486CD}.Debug|Any CPU.Build.0 = Debug|Any CPU
		{75E1B1A8-DCFB-4AE9-98F6-C68E58C486CD}.Debug|x64.ActiveCfg = Debug|Any CPU
		{75E1B1A8-DCFB-4AE9-98F6-C68E58C486CD}.Debug|x64.Build.0 = Debug|Any CPU
		{75E1B1A8-DCFB-4AE9-98F6-C68E58C486CD}.Debug|x86.ActiveCfg = Debug|Any CPU
		{75E1B1A8-DCFB-4AE9-98F6-C68E58C486CD}.Debug|x86.Build.0 = Debug|Any CPU
		{75E1B1A8-DCFB-4AE9-98F6-C68E58C486CD}.Release|Any CPU.ActiveCfg = Release|Any CPU
		{75E1B1A8-DCFB-4AE9-98F6-C68E58C486CD}.Release|Any CPU.Build.0 = Release|Any CPU
		{75E1B1A8-DCFB-4AE9-98F6-C68E58C486CD}.Release|x64.ActiveCfg = Release|Any CPU
		{75E1B1A8-DCFB-4AE9-98F6-C68E58C486CD}.Release|x64.Build.0 = Release|Any CPU
		{75E1B1A8-DCFB-4AE9-98F6-C68E58C486CD}.Release|x86.ActiveCfg = Release|Any CPU
		{75E1B1A8-DCFB-4AE9-98F6-C68E58C486CD}.Release|x86.Build.0 = Release|Any CPU
	EndGlobalSection
	GlobalSection(NestedProjects) = preSolution
		{722A67E6-4C45-4E81-9738-4B4BAB34B552} = {B7EAEF5C-F245-48BA-93AA-184F37D90182}
		{421B67FB-224C-40A7-9E2A-F4A6164FB65A} = {B7EAEF5C-F245-48BA-93AA-184F37D90182}
		{2DF2D63F-2BD2-45A0-9211-B8F6F0245247} = {B7EAEF5C-F245-48BA-93AA-184F37D90182}
		{AD72EF08-66E1-4FD8-9285-AAAEEA2F22B1} = {B7EAEF5C-F245-48BA-93AA-184F37D90182}
		{4CC8B30C-F496-43D2-B561-53A09AA40960} = {B7EAEF5C-F245-48BA-93AA-184F37D90182}
		{D856FCE3-E69D-46E7-9565-CF99C27CAA64} = {5F8489CB-00D9-4043-894E-76EC520C5DCD}
		{6AB89346-A98A-4CAF-9642-208D6BD80192} = {5F8489CB-00D9-4043-894E-76EC520C5DCD}
		{75E1B1A8-DCFB-4AE9-98F6-C68E58C486CD} = {5F8489CB-00D9-4043-894E-76EC520C5DCD}
	EndGlobalSection
EndGlobal
