
Microsoft Visual Studio Solution File, Format Version 12.00
# Visual Studio 15
VisualStudioVersion = 15.0.26124.0
MinimumVisualStudioVersion = 15.0.26124.0
Project("{2150E333-8FDC-42A3-9474-1A3956D46DE8}") = "Code", "Code", "{CE8782EE-53C0-4A06-B961-69ABD2A56C64}"
EndProject
Project("{FAE04EC0-301F-11D3-BF4B-00C04F79EFBC}") = "compsdotnet.Api", "Code\compsdotnet.Api\compsdotnet.Api.csproj", "{8FCEA8BB-E915-4110-8D4B-774C8D808AF8}"
EndProject
Project("{FAE04EC0-301F-11D3-BF4B-00C04F79EFBC}") = "compsdotnet.BusinessEntities", "Code\compsdotnet.BusinessEntities\compsdotnet.BusinessEntities.csproj", "{1E819F0F-8E76-4295-A3F3-3D064B7F283B}"
EndProject
Project("{FAE04EC0-301F-11D3-BF4B-00C04F79EFBC}") = "compsdotnet.BusinessServices", "Code\compsdotnet.BusinessServices\compsdotnet.BusinessServices.csproj", "{725DCFE8-0CFC-4D4D-9F90-2755781C21E8}"
EndProject
Project("{FAE04EC0-301F-11D3-BF4B-00C04F79EFBC}") = "compsdotnet.Contracts", "Code\compsdotnet.Contracts\compsdotnet.Contracts.csproj", "{8E438587-CDA0-4E26-9768-45E382636BDD}"
EndProject
Project("{FAE04EC0-301F-11D3-BF4B-00C04F79EFBC}") = "compsdotnet.Data", "Code\compsdotnet.Data\compsdotnet.Data.csproj", "{A9C097C9-BE91-42EF-B778-E4140D746E05}"
EndProject
Project("{FAE04EC0-301F-11D3-BF4B-00C04F79EFBC}") = "compsdotnet.Test.Api", "Code\compsdotnet.Test.Api\compsdotnet.Test.Api.csproj", "{3F5572BE-AA2C-421D-B9F4-08D83726FB99}"
EndProject
Project("{FAE04EC0-301F-11D3-BF4B-00C04F79EFBC}") = "compsdotnet.Test.Business", "Code\compsdotnet.Test.Business\compsdotnet.Test.Business.csproj", "{A5D945F5-30E3-442F-980D-C8ACD7696DE4}"
EndProject
Project("{FAE04EC0-301F-11D3-BF4B-00C04F79EFBC}") = "compsdotnet.Test.Framework", "Code\compsdotnet.Test.Framework\compsdotnet.Test.Framework.csproj", "{85A03E98-3D2A-4F7D-A237-7EFCBC23C70B}"
EndProject
Project("{2150E333-8FDC-42A3-9474-1A3956D46DE8}") = "Test", "Test", "{5E54581D-CB9A-4A48-8244-79D01E2A3CD7}"
EndProject
Global
	GlobalSection(SolutionConfigurationPlatforms) = preSolution
		Debug|Any CPU = Debug|Any CPU
		Debug|x64 = Debug|x64
		Debug|x86 = Debug|x86
		Release|Any CPU = Release|Any CPU
		Release|x64 = Release|x64
		Release|x86 = Release|x86
	EndGlobalSection
	GlobalSection(SolutionProperties) = preSolution
		HideSolutionNode = FALSE
	EndGlobalSection
	GlobalSection(ProjectConfigurationPlatforms) = postSolution
		{8FCEA8BB-E915-4110-8D4B-774C8D808AF8}.Debug|Any CPU.ActiveCfg = Debug|Any CPU
		{8FCEA8BB-E915-4110-8D4B-774C8D808AF8}.Debug|Any CPU.Build.0 = Debug|Any CPU
		{8FCEA8BB-E915-4110-8D4B-774C8D808AF8}.Debug|x64.ActiveCfg = Debug|Any CPU
		{8FCEA8BB-E915-4110-8D4B-774C8D808AF8}.Debug|x64.Build.0 = Debug|Any CPU
		{8FCEA8BB-E915-4110-8D4B-774C8D808AF8}.Debug|x86.ActiveCfg = Debug|Any CPU
		{8FCEA8BB-E915-4110-8D4B-774C8D808AF8}.Debug|x86.Build.0 = Debug|Any CPU
		{8FCEA8BB-E915-4110-8D4B-774C8D808AF8}.Release|Any CPU.ActiveCfg = Release|Any CPU
		{8FCEA8BB-E915-4110-8D4B-774C8D808AF8}.Release|Any CPU.Build.0 = Release|Any CPU
		{8FCEA8BB-E915-4110-8D4B-774C8D808AF8}.Release|x64.ActiveCfg = Release|Any CPU
		{8FCEA8BB-E915-4110-8D4B-774C8D808AF8}.Release|x64.Build.0 = Release|Any CPU
		{8FCEA8BB-E915-4110-8D4B-774C8D808AF8}.Release|x86.ActiveCfg = Release|Any CPU
		{8FCEA8BB-E915-4110-8D4B-774C8D808AF8}.Release|x86.Build.0 = Release|Any CPU
		{1E819F0F-8E76-4295-A3F3-3D064B7F283B}.Debug|Any CPU.ActiveCfg = Debug|Any CPU
		{1E819F0F-8E76-4295-A3F3-3D064B7F283B}.Debug|Any CPU.Build.0 = Debug|Any CPU
		{1E819F0F-8E76-4295-A3F3-3D064B7F283B}.Debug|x64.ActiveCfg = Debug|Any CPU
		{1E819F0F-8E76-4295-A3F3-3D064B7F283B}.Debug|x64.Build.0 = Debug|Any CPU
		{1E819F0F-8E76-4295-A3F3-3D064B7F283B}.Debug|x86.ActiveCfg = Debug|Any CPU
		{1E819F0F-8E76-4295-A3F3-3D064B7F283B}.Debug|x86.Build.0 = Debug|Any CPU
		{1E819F0F-8E76-4295-A3F3-3D064B7F283B}.Release|Any CPU.ActiveCfg = Release|Any CPU
		{1E819F0F-8E76-4295-A3F3-3D064B7F283B}.Release|Any CPU.Build.0 = Release|Any CPU
		{1E819F0F-8E76-4295-A3F3-3D064B7F283B}.Release|x64.ActiveCfg = Release|Any CPU
		{1E819F0F-8E76-4295-A3F3-3D064B7F283B}.Release|x64.Build.0 = Release|Any CPU
		{1E819F0F-8E76-4295-A3F3-3D064B7F283B}.Release|x86.ActiveCfg = Release|Any CPU
		{1E819F0F-8E76-4295-A3F3-3D064B7F283B}.Release|x86.Build.0 = Release|Any CPU
		{725DCFE8-0CFC-4D4D-9F90-2755781C21E8}.Debug|Any CPU.ActiveCfg = Debug|Any CPU
		{725DCFE8-0CFC-4D4D-9F90-2755781C21E8}.Debug|Any CPU.Build.0 = Debug|Any CPU
		{725DCFE8-0CFC-4D4D-9F90-2755781C21E8}.Debug|x64.ActiveCfg = Debug|Any CPU
		{725DCFE8-0CFC-4D4D-9F90-2755781C21E8}.Debug|x64.Build.0 = Debug|Any CPU
		{725DCFE8-0CFC-4D4D-9F90-2755781C21E8}.Debug|x86.ActiveCfg = Debug|Any CPU
		{725DCFE8-0CFC-4D4D-9F90-2755781C21E8}.Debug|x86.Build.0 = Debug|Any CPU
		{725DCFE8-0CFC-4D4D-9F90-2755781C21E8}.Release|Any CPU.ActiveCfg = Release|Any CPU
		{725DCFE8-0CFC-4D4D-9F90-2755781C21E8}.Release|Any CPU.Build.0 = Release|Any CPU
		{725DCFE8-0CFC-4D4D-9F90-2755781C21E8}.Release|x64.ActiveCfg = Release|Any CPU
		{725DCFE8-0CFC-4D4D-9F90-2755781C21E8}.Release|x64.Build.0 = Release|Any CPU
		{725DCFE8-0CFC-4D4D-9F90-2755781C21E8}.Release|x86.ActiveCfg = Release|Any CPU
		{725DCFE8-0CFC-4D4D-9F90-2755781C21E8}.Release|x86.Build.0 = Release|Any CPU
		{8E438587-CDA0-4E26-9768-45E382636BDD}.Debug|Any CPU.ActiveCfg = Debug|Any CPU
		{8E438587-CDA0-4E26-9768-45E382636BDD}.Debug|Any CPU.Build.0 = Debug|Any CPU
		{8E438587-CDA0-4E26-9768-45E382636BDD}.Debug|x64.ActiveCfg = Debug|Any CPU
		{8E438587-CDA0-4E26-9768-45E382636BDD}.Debug|x64.Build.0 = Debug|Any CPU
		{8E438587-CDA0-4E26-9768-45E382636BDD}.Debug|x86.ActiveCfg = Debug|Any CPU
		{8E438587-CDA0-4E26-9768-45E382636BDD}.Debug|x86.Build.0 = Debug|Any CPU
		{8E438587-CDA0-4E26-9768-45E382636BDD}.Release|Any CPU.ActiveCfg = Release|Any CPU
		{8E438587-CDA0-4E26-9768-45E382636BDD}.Release|Any CPU.Build.0 = Release|Any CPU
		{8E438587-CDA0-4E26-9768-45E382636BDD}.Release|x64.ActiveCfg = Release|Any CPU
		{8E438587-CDA0-4E26-9768-45E382636BDD}.Release|x64.Build.0 = Release|Any CPU
		{8E438587-CDA0-4E26-9768-45E382636BDD}.Release|x86.ActiveCfg = Release|Any CPU
		{8E438587-CDA0-4E26-9768-45E382636BDD}.Release|x86.Build.0 = Release|Any CPU
		{A9C097C9-BE91-42EF-B778-E4140D746E05}.Debug|Any CPU.ActiveCfg = Debug|Any CPU
		{A9C097C9-BE91-42EF-B778-E4140D746E05}.Debug|Any CPU.Build.0 = Debug|Any CPU
		{A9C097C9-BE91-42EF-B778-E4140D746E05}.Debug|x64.ActiveCfg = Debug|Any CPU
		{A9C097C9-BE91-42EF-B778-E4140D746E05}.Debug|x64.Build.0 = Debug|Any CPU
		{A9C097C9-BE91-42EF-B778-E4140D746E05}.Debug|x86.ActiveCfg = Debug|Any CPU
		{A9C097C9-BE91-42EF-B778-E4140D746E05}.Debug|x86.Build.0 = Debug|Any CPU
		{A9C097C9-BE91-42EF-B778-E4140D746E05}.Release|Any CPU.ActiveCfg = Release|Any CPU
		{A9C097C9-BE91-42EF-B778-E4140D746E05}.Release|Any CPU.Build.0 = Release|Any CPU
		{A9C097C9-BE91-42EF-B778-E4140D746E05}.Release|x64.ActiveCfg = Release|Any CPU
		{A9C097C9-BE91-42EF-B778-E4140D746E05}.Release|x64.Build.0 = Release|Any CPU
		{A9C097C9-BE91-42EF-B778-E4140D746E05}.Release|x86.ActiveCfg = Release|Any CPU
		{A9C097C9-BE91-42EF-B778-E4140D746E05}.Release|x86.Build.0 = Release|Any CPU
		{3F5572BE-AA2C-421D-B9F4-08D83726FB99}.Debug|Any CPU.ActiveCfg = Debug|Any CPU
		{3F5572BE-AA2C-421D-B9F4-08D83726FB99}.Debug|Any CPU.Build.0 = Debug|Any CPU
		{3F5572BE-AA2C-421D-B9F4-08D83726FB99}.Debug|x64.ActiveCfg = Debug|Any CPU
		{3F5572BE-AA2C-421D-B9F4-08D83726FB99}.Debug|x64.Build.0 = Debug|Any CPU
		{3F5572BE-AA2C-421D-B9F4-08D83726FB99}.Debug|x86.ActiveCfg = Debug|Any CPU
		{3F5572BE-AA2C-421D-B9F4-08D83726FB99}.Debug|x86.Build.0 = Debug|Any CPU
		{3F5572BE-AA2C-421D-B9F4-08D83726FB99}.Release|Any CPU.ActiveCfg = Release|Any CPU
		{3F5572BE-AA2C-421D-B9F4-08D83726FB99}.Release|Any CPU.Build.0 = Release|Any CPU
		{3F5572BE-AA2C-421D-B9F4-08D83726FB99}.Release|x64.ActiveCfg = Release|Any CPU
		{3F5572BE-AA2C-421D-B9F4-08D83726FB99}.Release|x64.Build.0 = Release|Any CPU
		{3F5572BE-AA2C-421D-B9F4-08D83726FB99}.Release|x86.ActiveCfg = Release|Any CPU
		{3F5572BE-AA2C-421D-B9F4-08D83726FB99}.Release|x86.Build.0 = Release|Any CPU
		{A5D945F5-30E3-442F-980D-C8ACD7696DE4}.Debug|Any CPU.ActiveCfg = Debug|Any CPU
		{A5D945F5-30E3-442F-980D-C8ACD7696DE4}.Debug|Any CPU.Build.0 = Debug|Any CPU
		{A5D945F5-30E3-442F-980D-C8ACD7696DE4}.Debug|x64.ActiveCfg = Debug|Any CPU
		{A5D945F5-30E3-442F-980D-C8ACD7696DE4}.Debug|x64.Build.0 = Debug|Any CPU
		{A5D945F5-30E3-442F-980D-C8ACD7696DE4}.Debug|x86.ActiveCfg = Debug|Any CPU
		{A5D945F5-30E3-442F-980D-C8ACD7696DE4}.Debug|x86.Build.0 = Debug|Any CPU
		{A5D945F5-30E3-442F-980D-C8ACD7696DE4}.Release|Any CPU.ActiveCfg = Release|Any CPU
		{A5D945F5-30E3-442F-980D-C8ACD7696DE4}.Release|Any CPU.Build.0 = Release|Any CPU
		{A5D945F5-30E3-442F-980D-C8ACD7696DE4}.Release|x64.ActiveCfg = Release|Any CPU
		{A5D945F5-30E3-442F-980D-C8ACD7696DE4}.Release|x64.Build.0 = Release|Any CPU
		{A5D945F5-30E3-442F-980D-C8ACD7696DE4}.Release|x86.ActiveCfg = Release|Any CPU
		{A5D945F5-30E3-442F-980D-C8ACD7696DE4}.Release|x86.Build.0 = Release|Any CPU
		{85A03E98-3D2A-4F7D-A237-7EFCBC23C70B}.Debug|Any CPU.ActiveCfg = Debug|Any CPU
		{85A03E98-3D2A-4F7D-A237-7EFCBC23C70B}.Debug|Any CPU.Build.0 = Debug|Any CPU
		{85A03E98-3D2A-4F7D-A237-7EFCBC23C70B}.Debug|x64.ActiveCfg = Debug|Any CPU
		{85A03E98-3D2A-4F7D-A237-7EFCBC23C70B}.Debug|x64.Build.0 = Debug|Any CPU
		{85A03E98-3D2A-4F7D-A237-7EFCBC23C70B}.Debug|x86.ActiveCfg = Debug|Any CPU
		{85A03E98-3D2A-4F7D-A237-7EFCBC23C70B}.Debug|x86.Build.0 = Debug|Any CPU
		{85A03E98-3D2A-4F7D-A237-7EFCBC23C70B}.Release|Any CPU.ActiveCfg = Release|Any CPU
		{85A03E98-3D2A-4F7D-A237-7EFCBC23C70B}.Release|Any CPU.Build.0 = Release|Any CPU
		{85A03E98-3D2A-4F7D-A237-7EFCBC23C70B}.Release|x64.ActiveCfg = Release|Any CPU
		{85A03E98-3D2A-4F7D-A237-7EFCBC23C70B}.Release|x64.Build.0 = Release|Any CPU
		{85A03E98-3D2A-4F7D-A237-7EFCBC23C70B}.Release|x86.ActiveCfg = Release|Any CPU
		{85A03E98-3D2A-4F7D-A237-7EFCBC23C70B}.Release|x86.Build.0 = Release|Any CPU
	EndGlobalSection
	GlobalSection(NestedProjects) = preSolution
		{8FCEA8BB-E915-4110-8D4B-774C8D808AF8} = {CE8782EE-53C0-4A06-B961-69ABD2A56C64}
		{1E819F0F-8E76-4295-A3F3-3D064B7F283B} = {CE8782EE-53C0-4A06-B961-69ABD2A56C64}
		{725DCFE8-0CFC-4D4D-9F90-2755781C21E8} = {CE8782EE-53C0-4A06-B961-69ABD2A56C64}
		{8E438587-CDA0-4E26-9768-45E382636BDD} = {CE8782EE-53C0-4A06-B961-69ABD2A56C64}
		{A9C097C9-BE91-42EF-B778-E4140D746E05} = {CE8782EE-53C0-4A06-B961-69ABD2A56C64}
		{3F5572BE-AA2C-421D-B9F4-08D83726FB99} = {5E54581D-CB9A-4A48-8244-79D01E2A3CD7}
		{A5D945F5-30E3-442F-980D-C8ACD7696DE4} = {5E54581D-CB9A-4A48-8244-79D01E2A3CD7}
		{85A03E98-3D2A-4F7D-A237-7EFCBC23C70B} = {5E54581D-CB9A-4A48-8244-79D01E2A3CD7}
	EndGlobalSection
EndGlobal
